
Microsoft Visual Studio Solution File, Format Version 12.00
# Visual Studio Version 17
VisualStudioVersion = 17.4.33205.214
MinimumVisualStudioVersion = 10.0.40219.1
Project("{FAE04EC0-301F-11D3-BF4B-00C04F79EFBC}") = "NestQuest.Api", "NestQuest.Api\NestQuest.Api.csproj", "{59E119BD-79F1-410A-BCB6-5DB176C9DBA9}"
EndProject
Global
	GlobalSection(SolutionConfigurationPlatforms) = preSolution
		Debug|Any CPU = Debug|Any CPU
		Release|Any CPU = Release|Any CPU
	EndGlobalSection
	GlobalSection(ProjectConfigurationPlatforms) = postSolution
		{59E119BD-79F1-410A-BCB6-5DB176C9DBA9}.Debug|Any CPU.ActiveCfg = Debug|Any CPU
		{59E119BD-79F1-410A-BCB6-5DB176C9DBA9}.Debug|Any CPU.Build.0 = Debug|Any CPU
		{59E119BD-79F1-410A-BCB6-5DB176C9DBA9}.Release|Any CPU.ActiveCfg = Release|Any CPU
		{59E119BD-79F1-410A-BCB6-5DB176C9DBA9}.Release|Any CPU.Build.0 = Release|Any CPU
	EndGlobalSection
	GlobalSection(SolutionProperties) = preSolution
		HideSolutionNode = FALSE
	EndGlobalSection
	GlobalSection(ExtensibilityGlobals) = postSolution
		SolutionGuid = {2224EBBD-EE11-4C20-BC6C-48CC6672CF32}
	EndGlobalSection
EndGlobal
